{"1.1.0",
[{<<"cuttlefish">>,
  {git,"https://github.com/emqx/cuttlefish",
       {ref,"0fe0d370dc618ff6aba79f3eb7b7156ee8135332"}},
  0},
 {<<"getopt">>,
  {git,"https://github.com/emqx/getopt.git",
       {ref,"215f2083408e1fe562d441aea6062bf5d9e1fb67"}},
  1},
 {<<"jsx">>,{pkg,<<"jsx">>,<<"2.9.0">>},0}]}.
[
{pkg_hash,[
 {<<"jsx">>, <<"D2F6E5F069C00266CAD52FB15D87C428579EA4D7D73A33669E12679E203329DD">>}]}
].
